
Microsoft Visual Studio Solution File, Format Version 12.00
# Visual Studio Version 17
VisualStudioVersion = 17.8.34330.188
MinimumVisualStudioVersion = 10.0.40219.1
Project("{FAE04EC0-301F-11D3-BF4B-00C04F79EFBC}") = "BankProject", "BankProject\BankProject.csproj", "{122E92C4-1686-4CA0-BE42-469B07F45D9C}"
EndProject
Global
	GlobalSection(SolutionConfigurationPlatforms) = preSolution
		Debug|Any CPU = Debug|Any CPU
		Release|Any CPU = Release|Any CPU
	EndGlobalSection
	GlobalSection(ProjectConfigurationPlatforms) = postSolution
		{122E92C4-1686-4CA0-BE42-469B07F45D9C}.Debug|Any CPU.ActiveCfg = Debug|Any CPU
		{122E92C4-1686-4CA0-BE42-469B07F45D9C}.Debug|Any CPU.Build.0 = Debug|Any CPU
		{122E92C4-1686-4CA0-BE42-469B07F45D9C}.Release|Any CPU.ActiveCfg = Release|Any CPU
		{122E92C4-1686-4CA0-BE42-469B07F45D9C}.Release|Any CPU.Build.0 = Release|Any CPU
	EndGlobalSection
	GlobalSection(SolutionProperties) = preSolution
		HideSolutionNode = FALSE
	EndGlobalSection
	GlobalSection(ExtensibilityGlobals) = postSolution
		SolutionGuid = {FEF14928-1770-4BA7-B53E-CD10A65EC309}
	EndGlobalSection
EndGlobal
